
Microsoft Visual Studio Solution File, Format Version 12.00
# Visual Studio Version 16
VisualStudioVersion = 16.0.30711.63
MinimumVisualStudioVersion = 10.0.40219.1
Project("{FAE04EC0-301F-11D3-BF4B-00C04F79EFBC}") = "Wallhaven Downloader V2", "Wallhaven Downloader V2\Wallhaven Downloader V2.csproj", "{2C168496-5EAA-44C9-86B9-7C86E296162A}"
EndProject
Global
	GlobalSection(SolutionConfigurationPlatforms) = preSolution
		Debug|Any CPU = Debug|Any CPU
		Release|Any CPU = Release|Any CPU
	EndGlobalSection
	GlobalSection(ProjectConfigurationPlatforms) = postSolution
		{2C168496-5EAA-44C9-86B9-7C86E296162A}.Debug|Any CPU.ActiveCfg = Debug|Any CPU
		{2C168496-5EAA-44C9-86B9-7C86E296162A}.Debug|Any CPU.Build.0 = Debug|Any CPU
		{2C168496-5EAA-44C9-86B9-7C86E296162A}.Release|Any CPU.ActiveCfg = Release|Any CPU
		{2C168496-5EAA-44C9-86B9-7C86E296162A}.Release|Any CPU.Build.0 = Release|Any CPU
	EndGlobalSection
	GlobalSection(SolutionProperties) = preSolution
		HideSolutionNode = FALSE
	EndGlobalSection
	GlobalSection(ExtensibilityGlobals) = postSolution
		SolutionGuid = {EBDA6C4B-A142-4CAC-9561-25A2602AC4FF}
	EndGlobalSection
EndGlobal
